{
  "name": "plane.outlook",
  "lockfileVersion": 3,
  "requires": true,
  "packages": {
    "": {
      "dependencies": {
        "@microsoft/office-js": "^1.1.90"
      }
    },
    "node_modules/@microsoft/office-js": {
      "version": "1.1.90",
      "resolved": "https://registry.npmjs.org/@microsoft/office-js/-/office-js-1.1.90.tgz",
      "integrity": "sha512-mxSt8XHfWI+tanlaGv0BmmKfGJp1UiWEDe/kQ1lISgutdqarZWyBoBcMaUxaQ/bzbXR1N616UiMdVBybIX9Xvw==",
      "engines": {
        "node": ">=6.9.4"
      }
    }
  }
}
